
Microsoft Visual Studio Solution File, Format Version 12.00
# Visual Studio 15
VisualStudioVersion = 15.0.26124.0
MinimumVisualStudioVersion = 15.0.26124.0
Project("{FAE04EC0-301F-11D3-BF4B-00C04F79EFBC}") = "InredningOnline.Tests", "InredningOnline.Tests\InredningOnline.Tests.csproj", "{48953508-96B8-4216-B172-95EAF11C27A2}"
EndProject
Project("{FAE04EC0-301F-11D3-BF4B-00C04F79EFBC}") = "InredningOnline", "InredningOnline\InredningOnline.csproj", "{762435D9-4AC5-4196-A989-3D323A34BA44}"
EndProject
Global
	GlobalSection(SolutionConfigurationPlatforms) = preSolution
		Debug|Any CPU = Debug|Any CPU
		Debug|x64 = Debug|x64
		Debug|x86 = Debug|x86
		Release|Any CPU = Release|Any CPU
		Release|x64 = Release|x64
		Release|x86 = Release|x86
	EndGlobalSection
	GlobalSection(SolutionProperties) = preSolution
		HideSolutionNode = FALSE
	EndGlobalSection
	GlobalSection(ProjectConfigurationPlatforms) = postSolution
		{48953508-96B8-4216-B172-95EAF11C27A2}.Debug|Any CPU.ActiveCfg = Debug|Any CPU
		{48953508-96B8-4216-B172-95EAF11C27A2}.Debug|Any CPU.Build.0 = Debug|Any CPU
		{48953508-96B8-4216-B172-95EAF11C27A2}.Debug|x64.ActiveCfg = Debug|Any CPU
		{48953508-96B8-4216-B172-95EAF11C27A2}.Debug|x64.Build.0 = Debug|Any CPU
		{48953508-96B8-4216-B172-95EAF11C27A2}.Debug|x86.ActiveCfg = Debug|Any CPU
		{48953508-96B8-4216-B172-95EAF11C27A2}.Debug|x86.Build.0 = Debug|Any CPU
		{48953508-96B8-4216-B172-95EAF11C27A2}.Release|Any CPU.ActiveCfg = Release|Any CPU
		{48953508-96B8-4216-B172-95EAF11C27A2}.Release|Any CPU.Build.0 = Release|Any CPU
		{48953508-96B8-4216-B172-95EAF11C27A2}.Release|x64.ActiveCfg = Release|Any CPU
		{48953508-96B8-4216-B172-95EAF11C27A2}.Release|x64.Build.0 = Release|Any CPU
		{48953508-96B8-4216-B172-95EAF11C27A2}.Release|x86.ActiveCfg = Release|Any CPU
		{48953508-96B8-4216-B172-95EAF11C27A2}.Release|x86.Build.0 = Release|Any CPU
		{762435D9-4AC5-4196-A989-3D323A34BA44}.Debug|Any CPU.ActiveCfg = Debug|Any CPU
		{762435D9-4AC5-4196-A989-3D323A34BA44}.Debug|Any CPU.Build.0 = Debug|Any CPU
		{762435D9-4AC5-4196-A989-3D323A34BA44}.Debug|x64.ActiveCfg = Debug|Any CPU
		{762435D9-4AC5-4196-A989-3D323A34BA44}.Debug|x64.Build.0 = Debug|Any CPU
		{762435D9-4AC5-4196-A989-3D323A34BA44}.Debug|x86.ActiveCfg = Debug|Any CPU
		{762435D9-4AC5-4196-A989-3D323A34BA44}.Debug|x86.Build.0 = Debug|Any CPU
		{762435D9-4AC5-4196-A989-3D323A34BA44}.Release|Any CPU.ActiveCfg = Release|Any CPU
		{762435D9-4AC5-4196-A989-3D323A34BA44}.Release|Any CPU.Build.0 = Release|Any CPU
		{762435D9-4AC5-4196-A989-3D323A34BA44}.Release|x64.ActiveCfg = Release|Any CPU
		{762435D9-4AC5-4196-A989-3D323A34BA44}.Release|x64.Build.0 = Release|Any CPU
		{762435D9-4AC5-4196-A989-3D323A34BA44}.Release|x86.ActiveCfg = Release|Any CPU
		{762435D9-4AC5-4196-A989-3D323A34BA44}.Release|x86.Build.0 = Release|Any CPU
	EndGlobalSection
EndGlobal
